
Microsoft Visual Studio Solution File, Format Version 12.00
# Visual Studio 2012
Project("{FAE04EC0-301F-11D3-BF4B-00C04F79EFBC}") = "Telartes", "Telartes\Telartes.csproj", "{1EA793EE-127E-4E2E-BAD4-F75B2099F33A}"
EndProject
Project("{FAE04EC0-301F-11D3-BF4B-00C04F79EFBC}") = "Telartes.iOS", "iOS\Telartes.iOS.csproj", "{0C941770-45CD-48D3-8E62-A08DCFD44226}"
EndProject
Project("{FAE04EC0-301F-11D3-BF4B-00C04F79EFBC}") = "Telartes.Droid", "Droid\Telartes.Droid.csproj", "{F7589744-7FAD-473A-80D2-177AC17216EE}"
EndProject
Global
	GlobalSection(SolutionConfigurationPlatforms) = preSolution
		Debug|Any CPU = Debug|Any CPU
		Release|Any CPU = Release|Any CPU
		Debug|iPhoneSimulator = Debug|iPhoneSimulator
		Release|iPhone = Release|iPhone
		Release|iPhoneSimulator = Release|iPhoneSimulator
		Debug|iPhone = Debug|iPhone
	EndGlobalSection
	GlobalSection(ProjectConfigurationPlatforms) = postSolution
		{1EA793EE-127E-4E2E-BAD4-F75B2099F33A}.Debug|Any CPU.ActiveCfg = Debug|Any CPU
		{1EA793EE-127E-4E2E-BAD4-F75B2099F33A}.Debug|Any CPU.Build.0 = Debug|Any CPU
		{1EA793EE-127E-4E2E-BAD4-F75B2099F33A}.Release|Any CPU.ActiveCfg = Release|Any CPU
		{1EA793EE-127E-4E2E-BAD4-F75B2099F33A}.Release|Any CPU.Build.0 = Release|Any CPU
		{1EA793EE-127E-4E2E-BAD4-F75B2099F33A}.Debug|iPhoneSimulator.ActiveCfg = Debug|Any CPU
		{1EA793EE-127E-4E2E-BAD4-F75B2099F33A}.Debug|iPhoneSimulator.Build.0 = Debug|Any CPU
		{1EA793EE-127E-4E2E-BAD4-F75B2099F33A}.Release|iPhone.ActiveCfg = Release|Any CPU
		{1EA793EE-127E-4E2E-BAD4-F75B2099F33A}.Release|iPhone.Build.0 = Release|Any CPU
		{1EA793EE-127E-4E2E-BAD4-F75B2099F33A}.Release|iPhoneSimulator.ActiveCfg = Release|Any CPU
		{1EA793EE-127E-4E2E-BAD4-F75B2099F33A}.Release|iPhoneSimulator.Build.0 = Release|Any CPU
		{1EA793EE-127E-4E2E-BAD4-F75B2099F33A}.Debug|iPhone.ActiveCfg = Debug|Any CPU
		{1EA793EE-127E-4E2E-BAD4-F75B2099F33A}.Debug|iPhone.Build.0 = Debug|Any CPU
		{0C941770-45CD-48D3-8E62-A08DCFD44226}.Debug|Any CPU.ActiveCfg = Debug|iPhoneSimulator
		{0C941770-45CD-48D3-8E62-A08DCFD44226}.Debug|Any CPU.Build.0 = Debug|iPhoneSimulator
		{0C941770-45CD-48D3-8E62-A08DCFD44226}.Release|Any CPU.ActiveCfg = Debug|iPhoneSimulator
		{0C941770-45CD-48D3-8E62-A08DCFD44226}.Release|Any CPU.Build.0 = Debug|iPhoneSimulator
		{0C941770-45CD-48D3-8E62-A08DCFD44226}.Debug|iPhoneSimulator.ActiveCfg = Debug|iPhoneSimulator
		{0C941770-45CD-48D3-8E62-A08DCFD44226}.Debug|iPhoneSimulator.Build.0 = Debug|iPhoneSimulator
		{0C941770-45CD-48D3-8E62-A08DCFD44226}.Release|iPhone.ActiveCfg = Release|iPhone
		{0C941770-45CD-48D3-8E62-A08DCFD44226}.Release|iPhone.Build.0 = Release|iPhone
		{0C941770-45CD-48D3-8E62-A08DCFD44226}.Release|iPhoneSimulator.ActiveCfg = Release|iPhoneSimulator
		{0C941770-45CD-48D3-8E62-A08DCFD44226}.Release|iPhoneSimulator.Build.0 = Release|iPhoneSimulator
		{0C941770-45CD-48D3-8E62-A08DCFD44226}.Debug|iPhone.ActiveCfg = Debug|iPhone
		{0C941770-45CD-48D3-8E62-A08DCFD44226}.Debug|iPhone.Build.0 = Debug|iPhone
		{F7589744-7FAD-473A-80D2-177AC17216EE}.Debug|Any CPU.ActiveCfg = Debug|Any CPU
		{F7589744-7FAD-473A-80D2-177AC17216EE}.Debug|Any CPU.Build.0 = Debug|Any CPU
		{F7589744-7FAD-473A-80D2-177AC17216EE}.Release|Any CPU.ActiveCfg = Release|Any CPU
		{F7589744-7FAD-473A-80D2-177AC17216EE}.Release|Any CPU.Build.0 = Release|Any CPU
		{F7589744-7FAD-473A-80D2-177AC17216EE}.Debug|iPhoneSimulator.ActiveCfg = Debug|Any CPU
		{F7589744-7FAD-473A-80D2-177AC17216EE}.Debug|iPhoneSimulator.Build.0 = Debug|Any CPU
		{F7589744-7FAD-473A-80D2-177AC17216EE}.Release|iPhone.ActiveCfg = Release|Any CPU
		{F7589744-7FAD-473A-80D2-177AC17216EE}.Release|iPhone.Build.0 = Release|Any CPU
		{F7589744-7FAD-473A-80D2-177AC17216EE}.Release|iPhoneSimulator.ActiveCfg = Release|Any CPU
		{F7589744-7FAD-473A-80D2-177AC17216EE}.Release|iPhoneSimulator.Build.0 = Release|Any CPU
		{F7589744-7FAD-473A-80D2-177AC17216EE}.Debug|iPhone.ActiveCfg = Debug|Any CPU
		{F7589744-7FAD-473A-80D2-177AC17216EE}.Debug|iPhone.Build.0 = Debug|Any CPU
	EndGlobalSection
EndGlobal
